
Microsoft Visual Studio Solution File, Format Version 12.00
# Visual Studio 15
VisualStudioVersion = 15.0.27703.2042
MinimumVisualStudioVersion = 10.0.40219.1
Project("{9A19103F-16F7-4668-BE54-9A1E7A4F7556}") = "MicroArch.API", "MicroArch.API\MicroArch.API.csproj", "{F54F6485-3ECB-4690-A7D7-8FCBB4171C6C}"
EndProject
Project("{FAE04EC0-301F-11D3-BF4B-00C04F79EFBC}") = "MicroArch.Services.Identity", "MicroArch.Services.Identity\MicroArch.Services.Identity.csproj", "{D032E24A-E66D-4745-BCD1-9DCD7E525E74}"
EndProject
Project("{FAE04EC0-301F-11D3-BF4B-00C04F79EFBC}") = "MicroArch.Services.Activities", "MicroArch.Services.Activities\MicroArch.Services.Activities.csproj", "{99884B3C-F492-459C-A921-BADC42AC40DC}"
EndProject
Project("{FAE04EC0-301F-11D3-BF4B-00C04F79EFBC}") = "MicroArch.Common", "MicroArch.Common\MicroArch.Common.csproj", "{00A2C6C9-2EC9-4690-9D5A-5337CCB92F1E}"
EndProject
Global
	GlobalSection(SolutionConfigurationPlatforms) = preSolution
		Debug|Any CPU = Debug|Any CPU
		Release|Any CPU = Release|Any CPU
	EndGlobalSection
	GlobalSection(ProjectConfigurationPlatforms) = postSolution
		{F54F6485-3ECB-4690-A7D7-8FCBB4171C6C}.Debug|Any CPU.ActiveCfg = Debug|Any CPU
		{F54F6485-3ECB-4690-A7D7-8FCBB4171C6C}.Debug|Any CPU.Build.0 = Debug|Any CPU
		{F54F6485-3ECB-4690-A7D7-8FCBB4171C6C}.Release|Any CPU.ActiveCfg = Release|Any CPU
		{F54F6485-3ECB-4690-A7D7-8FCBB4171C6C}.Release|Any CPU.Build.0 = Release|Any CPU
		{D032E24A-E66D-4745-BCD1-9DCD7E525E74}.Debug|Any CPU.ActiveCfg = Debug|Any CPU
		{D032E24A-E66D-4745-BCD1-9DCD7E525E74}.Debug|Any CPU.Build.0 = Debug|Any CPU
		{D032E24A-E66D-4745-BCD1-9DCD7E525E74}.Release|Any CPU.ActiveCfg = Release|Any CPU
		{D032E24A-E66D-4745-BCD1-9DCD7E525E74}.Release|Any CPU.Build.0 = Release|Any CPU
		{99884B3C-F492-459C-A921-BADC42AC40DC}.Debug|Any CPU.ActiveCfg = Debug|Any CPU
		{99884B3C-F492-459C-A921-BADC42AC40DC}.Debug|Any CPU.Build.0 = Debug|Any CPU
		{99884B3C-F492-459C-A921-BADC42AC40DC}.Release|Any CPU.ActiveCfg = Release|Any CPU
		{99884B3C-F492-459C-A921-BADC42AC40DC}.Release|Any CPU.Build.0 = Release|Any CPU
		{00A2C6C9-2EC9-4690-9D5A-5337CCB92F1E}.Debug|Any CPU.ActiveCfg = Debug|Any CPU
		{00A2C6C9-2EC9-4690-9D5A-5337CCB92F1E}.Debug|Any CPU.Build.0 = Debug|Any CPU
		{00A2C6C9-2EC9-4690-9D5A-5337CCB92F1E}.Release|Any CPU.ActiveCfg = Release|Any CPU
		{00A2C6C9-2EC9-4690-9D5A-5337CCB92F1E}.Release|Any CPU.Build.0 = Release|Any CPU
	EndGlobalSection
	GlobalSection(SolutionProperties) = preSolution
		HideSolutionNode = FALSE
	EndGlobalSection
	GlobalSection(ExtensibilityGlobals) = postSolution
		SolutionGuid = {19732EC2-7A16-4E95-A963-91A9D3B079D0}
	EndGlobalSection
EndGlobal
